// !$*UTF8*$!
{
	archiveVersion = 1;
	classes = {
	};
	objectVersion = 46;
	objects = {

/* Begin PBXBuildFile section */
		982E6D091DEEC4DE00A2E747 /* スクリーンショット 2016-11-30 17.25.56.png in Resources */ = {isa = PBXBuildFile; fileRef = 982E6D081DEEC4DE00A2E747 /* スクリーンショット 2016-11-30 17.25.56.png */; };
		982E6D0B1DEEC52B00A2E747 /* スクリーンショット 2016-11-30 17.27.56.png in Resources */ = {isa = PBXBuildFile; fileRef = 982E6D0A1DEEC52B00A2E747 /* スクリーンショット 2016-11-30 17.27.56.png */; };
		986F4AAF1DF27A0500E49171 /* ResultViewController.swift in Sources */ = {isa = PBXBuildFile; fileRef = 986F4AAE1DF27A0500E49171 /* ResultViewController.swift */; };
		98E42AC41DEDBCB10072EBFE /* AppDelegate.swift in Sources */ = {isa = PBXBuildFile; fileRef = 98E42AC31DEDBCB10072EBFE /* AppDelegate.swift */; };
		98E42AC61DEDBCB10072EBFE /* ViewController.swift in Sources */ = {isa = PBXBuildFile; fileRef = 98E42AC51DEDBCB10072EBFE /* ViewController.swift */; };
		98E42AC91DEDBCB10072EBFE /* Main.storyboard in Resources */ = {isa = PBXBuildFile; fileRef = 98E42AC71DEDBCB10072EBFE /* Main.storyboard */; };
		98E42ACB1DEDBCB10072EBFE /* Assets.xcassets in Resources */ = {isa = PBXBuildFile; fileRef = 98E42ACA1DEDBCB10072EBFE /* Assets.xcassets */; };
		98E42ACE1DEDBCB10072EBFE /* LaunchScreen.storyboard in Resources */ = {isa = PBXBuildFile; fileRef = 98E42ACC1DEDBCB10072EBFE /* LaunchScreen.storyboard */; };
		98E42AD81DEDC4110072EBFE /* 川を流れる魂.png in Resources */ = {isa = PBXBuildFile; fileRef = 98E42AD71DEDC4110072EBFE /* 川を流れる魂.png */; };
/* End PBXBuildFile section */

/* Begin PBXFileReference section */
		982E6D081DEEC4DE00A2E747 /* スクリーンショット 2016-11-30 17.25.56.png */ = {isa = PBXFileReference; lastKnownFileType = image.png; path = "スクリーンショット 2016-11-30 17.25.56.png"; sourceTree = "<group>"; };
		982E6D0A1DEEC52B00A2E747 /* スクリーンショット 2016-11-30 17.27.56.png */ = {isa = PBXFileReference; lastKnownFileType = image.png; path = "スクリーンショット 2016-11-30 17.27.56.png"; sourceTree = "<group>"; };
		986F4AAE1DF27A0500E49171 /* ResultViewController.swift */ = {isa = PBXFileReference; fileEncoding = 4; lastKnownFileType = sourcecode.swift; path = ResultViewController.swift; sourceTree = "<group>"; };
		98E42AC01DEDBCB10072EBFE /* SlideshowApp.app */ = {isa = PBXFileReference; explicitFileType = wrapper.application; includeInIndex = 0; path = SlideshowApp.app; sourceTree = BUILT_PRODUCTS_DIR; };
		98E42AC31DEDBCB10072EBFE /* AppDelegate.swift */ = {isa = PBXFileReference; lastKnownFileType = sourcecode.swift; path = AppDelegate.swift; sourceTree = "<group>"; };
		98E42AC51DEDBCB10072EBFE /* ViewController.swift */ = {isa = PBXFileReference; lastKnownFileType = sourcecode.swift; path = ViewController.swift; sourceTree = "<group>"; };
		98E42AC81DEDBCB10072EBFE /* Base */ = {isa = PBXFileReference; lastKnownFileType = file.storyboard; name = Base; path = Base.lproj/Main.storyboard; sourceTree = "<group>"; };
		98E42ACA1DEDBCB10072EBFE /* Assets.xcassets */ = {isa = PBXFileReference; lastKnownFileType = folder.assetcatalog; path = Assets.xcassets; sourceTree = "<group>"; };
		98E42ACD1DEDBCB10072EBFE /* Base */ = {isa = PBXFileReference; lastKnownFileType = file.storyboard; name = Base; path = Base.lproj/LaunchScreen.storyboard; sourceTree = "<group>"; };
		98E42ACF1DEDBCB10072EBFE /* Info.plist */ = {isa = PBXFileReference; lastKnownFileType = text.plist.xml; path = Info.plist; sourceTree = "<group>"; };
		98E42AD71DEDC4110072EBFE /* 川を流れる魂.png */ = {isa = PBXFileReference; lastKnownFileType = image.png; path = "川を流れる魂.png"; sourceTree = "<group>"; };
/* End PBXFileReference section */

/* Begin PBXFrameworksBuildPhase section */
		98E42ABD1DEDBCB10072EBFE /* Frameworks */ = {
			isa = PBXFrameworksBuildPhase;
			buildActionMask = 2147483647;
			files = (
			);
			runOnlyForDeploymentPostprocessing = 0;
		};
/* End PBXFrameworksBuildPhase section */

/* Begin PBXGroup section */
		98E42AB71DEDBCB10072EBFE = {
			isa = PBXGroup;
			children = (
				98E42AC21DEDBCB10072EBFE /* SlideshowApp */,
				98E42AC11DEDBCB10072EBFE /* Products */,
			);
			sourceTree = "<group>";
		};
		98E42AC11DEDBCB10072EBFE /* Products */ = {
			isa = PBXGroup;
			children = (
				98E42AC01DEDBCB10072EBFE /* SlideshowApp.app */,
			);
			name = Products;
			sourceTree = "<group>";
		};
		98E42AC21DEDBCB10072EBFE /* SlideshowApp */ = {
			isa = PBXGroup;
			children = (
				98E42AC31DEDBCB10072EBFE /* AppDelegate.swift */,
				98E42AC51DEDBCB10072EBFE /* ViewController.swift */,
				98E42AD71DEDC4110072EBFE /* 川を流れる魂.png */,
				982E6D081DEEC4DE00A2E747 /* スクリーンショット 2016-11-30 17.25.56.png */,
				982E6D0A1DEEC52B00A2E747 /* スクリーンショット 2016-11-30 17.27.56.png */,
				98E42AC71DEDBCB10072EBFE /* Main.storyboard */,
				986F4AAE1DF27A0500E49171 /* ResultViewController.swift */,
				98E42ACA1DEDBCB10072EBFE /* Assets.xcassets */,
				98E42ACC1DEDBCB10072EBFE /* LaunchScreen.storyboard */,
				98E42ACF1DEDBCB10072EBFE /* Info.plist */,
			);
			path = SlideshowApp;
			sourceTree = "<group>";
		};
/* End PBXGroup section */

/* Begin PBXNativeTarget section */
		98E42ABF1DEDBCB10072EBFE /* SlideshowApp */ = {
			isa = PBXNativeTarget;
			buildConfigurationList = 98E42AD21DEDBCB10072EBFE /* Build configuration list for PBXNativeTarget "SlideshowApp" */;
			buildPhases = (
				98E42ABC1DEDBCB10072EBFE /* Sources */,
				98E42ABD1DEDBCB10072EBFE /* Frameworks */,
				98E42ABE1DEDBCB10072EBFE /* Resources */,
			);
			buildRules = (
			);
			dependencies = (
			);
			name = SlideshowApp;
			productName = SlideshowApp;
			productReference = 98E42AC01DEDBCB10072EBFE /* SlideshowApp.app */;
			productType = "com.apple.product-type.application";
		};
/* End PBXNativeTarget section */

/* Begin PBXProject section */
		98E42AB81DEDBCB10072EBFE /* Project object */ = {
			isa = PBXProject;
			attributes = {
				LastSwiftUpdateCheck = 0810;
				LastUpgradeCheck = 0810;
				ORGANIZATIONNAME = kotarou.kobayashi;
				TargetAttributes = {
					98E42ABF1DEDBCB10072EBFE = {
						CreatedOnToolsVersion = 8.1;
						ProvisioningStyle = Automatic;
					};
				};
			};
			buildConfigurationList = 98E42ABB1DEDBCB10072EBFE /* Build configuration list for PBXProject "SlideshowApp" */;
			compatibilityVersion = "Xcode 3.2";
			developmentRegion = English;
			hasScannedForEncodings = 0;
			knownRegions = (
				en,
				Base,
			);
			mainGroup = 98E42AB71DEDBCB10072EBFE;
			productRefGroup = 98E42AC11DEDBCB10072EBFE /* Products */;
			projectDirPath = "";
			projectRoot = "";
			targets = (
				98E42ABF1DEDBCB10072EBFE /* SlideshowApp */,
			);
		};
/* End PBXProject section */

/* Begin PBXResourcesBuildPhase section */
		98E42ABE1DEDBCB10072EBFE /* Resources */ = {
			isa = PBXResourcesBuildPhase;
			buildActionMask = 2147483647;
			files = (
				98E42ACE1DEDBCB10072EBFE /* LaunchScreen.storyboard in Resources */,
				98E42ACB1DEDBCB10072EBFE /* Assets.xcassets in Resources */,
				98E42AD81DEDC4110072EBFE /* 川を流れる魂.png in Resources */,
				982E6D091DEEC4DE00A2E747 /* スクリーンショット 2016-11-30 17.25.56.png in Resources */,
				982E6D0B1DEEC52B00A2E747 /* スクリーンショット 2016-11-30 17.27.56.png in Resources */,
				98E42AC91DEDBCB10072EBFE /* Main.storyboard in Resources */,
			);
			runOnlyForDeploymentPostprocessing = 0;
		};
/* End PBXResourcesBuildPhase section */

/* Begin PBXSourcesBuildPhase section */
		98E42ABC1DEDBCB10072EBFE /* Sources */ = {
			isa = PBXSourcesBuildPhase;
			buildActionMask = 2147483647;
			files = (
				98E42AC61DEDBCB10072EBFE /* ViewController.swift in Sources */,
				98E42AC41DEDBCB10072EBFE /* AppDelegate.swift in Sources */,
				986F4AAF1DF27A0500E49171 /* ResultViewController.swift in Sources */,
			);
			runOnlyForDeploymentPostprocessing = 0;
		};
/* End PBXSourcesBuildPhase section */

/* Begin PBXVariantGroup section */
		98E42AC71DEDBCB10072EBFE /* Main.storyboard */ = {
			isa = PBXVariantGroup;
			children = (
				98E42AC81DEDBCB10072EBFE /* Base */,
			);
			name = Main.storyboard;
			sourceTree = "<group>";
		};
		98E42ACC1DEDBCB10072EBFE /* LaunchScreen.storyboard */ = {
			isa = PBXVariantGroup;
			children = (
				98E42ACD1DEDBCB10072EBFE /* Base */,
			);
			name = LaunchScreen.storyboard;
			sourceTree = "<group>";
		};
/* End PBXVariantGroup section */

/* Begin XCBuildConfiguration section */
		98E42AD01DEDBCB10072EBFE /* Debug */ = {
			isa = XCBuildConfiguration;
			buildSettings = {
				ALWAYS_SEARCH_USER_PATHS = NO;
				CLANG_ANALYZER_NONNULL = YES;
				CLANG_CXX_LANGUAGE_STANDARD = "gnu++0x";
				CLANG_CXX_LIBRARY = "libc++";
				CLANG_ENABLE_MODULES = YES;
				CLANG_ENABLE_OBJC_ARC = YES;
				CLANG_WARN_BOOL_CONVERSION = YES;
				CLANG_WARN_CONSTANT_CONVERSION = YES;
				CLANG_WARN_DIRECT_OBJC_ISA_USAGE = YES_ERROR;
				CLANG_WARN_DOCUMENTATION_COMMENTS = YES;
				CLANG_WARN_EMPTY_BODY = YES;
				CLANG_WARN_ENUM_CONVERSION = YES;
				CLANG_WARN_INFINITE_RECURSION = YES;
				CLANG_WARN_INT_CONVERSION = YES;
				CLANG_WARN_OBJC_ROOT_CLASS = YES_ERROR;
				CLANG_WARN_SUSPICIOUS_MOVES = YES;
				CLANG_WARN_UNREACHABLE_CODE = YES;
				CLANG_WARN__DUPLICATE_METHOD_MATCH = YES;
				"CODE_SIGN_IDENTITY[sdk=iphoneos*]" = "iPhone Developer";
				COPY_PHASE_STRIP = NO;
				DEBUG_INFORMATION_FORMAT = dwarf;
				ENABLE_STRICT_OBJC_MSGSEND = YES;
				ENABLE_TESTABILITY = YES;
				GCC_C_LANGUAGE_STANDARD = gnu99;
				GCC_DYNAMIC_NO_PIC = NO;
				GCC_NO_COMMON_BLOCKS = YES;
				GCC_OPTIMIZATION_LEVEL = 0;
				GCC_PREPROCESSOR_DEFINITIONS = (
					"DEBUG=1",
					"$(inherited)",
				);
				GCC_WARN_64_TO_32_BIT_CONVERSION = YES;
				GCC_WARN_ABOUT_RETURN_TYPE = YES_ERROR;
				GCC_WARN_UNDECLARED_SELECTOR = YES;
				GCC_WARN_UNINITIALIZED_AUTOS = YES_AGGRESSIVE;
				GCC_WARN_UNUSED_FUNCTION = YES;
				GCC_WARN_UNUSED_VARIABLE = YES;
				IPHONEOS_DEPLOYMENT_TARGET = 10.1;
				MTL_ENABLE_DEBUG_INFO = YES;
				ONLY_ACTIVE_ARCH = YES;
				SDKROOT = iphoneos;
				SWIFT_ACTIVE_COMPILATION_CONDITIONS = DEBUG;
				SWIFT_OPTIMIZATION_LEVEL = "-Onone";
			};
			name = Debug;
		};
		98E42AD11DEDBCB10072EBFE /* Release */ = {
			isa = XCBuildConfiguration;
			buildSettings = {
				ALWAYS_SEARCH_USER_PATHS = NO;
				CLANG_ANALYZER_NONNULL = YES;
				CLANG_CXX_LANGUAGE_STANDARD = "gnu++0x";
				CLANG_CXX_LIBRARY = "libc++";
				CLANG_ENABLE_MODULES = YES;
				CLANG_ENABLE_OBJC_ARC = YES;
				CLANG_WARN_BOOL_CONVERSION = YES;
				CLANG_WARN_CONSTANT_CONVERSION = YES;
				CLANG_WARN_DIRECT_OBJC_ISA_USAGE = YES_ERROR;
				CLANG_WARN_DOCUMENTATION_COMMENTS = YES;
				CLANG_WARN_EMPTY_BODY = YES;
				CLANG_WARN_ENUM_CONVERSION = YES;
				CLANG_WARN_INFINITE_RECURSION = YES;
				CLANG_WARN_INT_CONVERSION = YES;
				CLANG_WARN_OBJC_ROOT_CLASS = YES_ERROR;
				CLANG_WARN_SUSPICIOUS_MOVES = YES;
				CLANG_WARN_UNREACHABLE_CODE = YES;
				CLANG_WARN__DUPLICATE_METHOD_MATCH = YES;
				"CODE_SIGN_IDENTITY[sdk=iphoneos*]" = "iPhone Developer";
				COPY_PHASE_STRIP = NO;
				DEBUG_INFORMATION_FORMAT = "dwarf-with-dsym";
				ENABLE_NS_ASSERTIONS = NO;
				ENABLE_STRICT_OBJC_MSGSEND = YES;
				GCC_C_LANGUAGE_STANDARD = gnu99;
				GCC_NO_COMMON_BLOCKS = YES;
				GCC_WARN_64_TO_32_BIT_CONVERSION = YES;
				GCC_WARN_ABOUT_RETURN_TYPE = YES_ERROR;
				GCC_WARN_UNDECLARED_SELECTOR = YES;
				GCC_WARN_UNINITIALIZED_AUTOS = YES_AGGRESSIVE;
				GCC_WARN_UNUSED_FUNCTION = YES;
				GCC_WARN_UNUSED_VARIABLE = YES;
				IPHONEOS_DEPLOYMENT_TARGET = 10.1;
				MTL_ENABLE_DEBUG_INFO = NO;
				SDKROOT = iphoneos;
				SWIFT_OPTIMIZATION_LEVEL = "-Owholemodule";
				VALIDATE_PRODUCT = YES;
			};
			name = Release;
		};
		98E42AD31DEDBCB10072EBFE /* Debug */ = {
			isa = XCBuildConfiguration;
			buildSettings = {
				ASSETCATALOG_COMPILER_APPICON_NAME = AppIcon;
				INFOPLIST_FILE = SlideshowApp/Info.plist;
				LD_RUNPATH_SEARCH_PATHS = "$(inherited) @executable_path/Frameworks";
				PRODUCT_BUNDLE_IDENTIFIER = jp.techacademy.kotarou.kobayashi.SlideshowApp;
				PRODUCT_NAME = "$(TARGET_NAME)";
				SWIFT_VERSION = 3.0;
			};
			name = Debug;
		};
		98E42AD41DEDBCB10072EBFE /* Release */ = {
			isa = XCBuildConfiguration;
			buildSettings = {
				ASSETCATALOG_COMPILER_APPICON_NAME = AppIcon;
				INFOPLIST_FILE = SlideshowApp/Info.plist;
				LD_RUNPATH_SEARCH_PATHS = "$(inherited) @executable_path/Frameworks";
				PRODUCT_BUNDLE_IDENTIFIER = jp.techacademy.kotarou.kobayashi.SlideshowApp;
				PRODUCT_NAME = "$(TARGET_NAME)";
				SWIFT_VERSION = 3.0;
			};
			name = Release;
		};
/* End XCBuildConfiguration section */

/* Begin XCConfigurationList section */
		98E42ABB1DEDBCB10072EBFE /* Build configuration list for PBXProject "SlideshowApp" */ = {
			isa = XCConfigurationList;
			buildConfigurations = (
				98E42AD01DEDBCB10072EBFE /* Debug */,
				98E42AD11DEDBCB10072EBFE /* Release */,
			);
			defaultConfigurationIsVisible = 0;
			defaultConfigurationName = Release;
		};
		98E42AD21DEDBCB10072EBFE /* Build configuration list for PBXNativeTarget "SlideshowApp" */ = {
			isa = XCConfigurationList;
			buildConfigurations = (
				98E42AD31DEDBCB10072EBFE /* Debug */,
				98E42AD41DEDBCB10072EBFE /* Release */,
			);
			defaultConfigurationIsVisible = 0;
			defaultConfigurationName = Release;
		};
/* End XCConfigurationList section */
	};
	rootObject = 98E42AB81DEDBCB10072EBFE /* Project object */;
}
